
Microsoft Visual Studio Solution File, Format Version 12.00
# Visual Studio Version 16
VisualStudioVersion = 16.0.31624.102
MinimumVisualStudioVersion = 10.0.40219.1
Project("{FAE04EC0-301F-11D3-BF4B-00C04F79EFBC}") = "EstoqueSabadin", "EstoqueSabadin\EstoqueSabadin.csproj", "{3307E2DA-63FE-42C3-A5EC-4AAEA1D97B59}"
EndProject
Global
	GlobalSection(SolutionConfigurationPlatforms) = preSolution
		Debug|Any CPU = Debug|Any CPU
		Release|Any CPU = Release|Any CPU
	EndGlobalSection
	GlobalSection(ProjectConfigurationPlatforms) = postSolution
		{3307E2DA-63FE-42C3-A5EC-4AAEA1D97B59}.Debug|Any CPU.ActiveCfg = Debug|Any CPU
		{3307E2DA-63FE-42C3-A5EC-4AAEA1D97B59}.Debug|Any CPU.Build.0 = Debug|Any CPU
		{3307E2DA-63FE-42C3-A5EC-4AAEA1D97B59}.Release|Any CPU.ActiveCfg = Release|Any CPU
		{3307E2DA-63FE-42C3-A5EC-4AAEA1D97B59}.Release|Any CPU.Build.0 = Release|Any CPU
	EndGlobalSection
	GlobalSection(SolutionProperties) = preSolution
		HideSolutionNode = FALSE
	EndGlobalSection
	GlobalSection(ExtensibilityGlobals) = postSolution
		SolutionGuid = {2FF5C772-A046-434B-8C03-AF501664FC08}
	EndGlobalSection
EndGlobal
